// !$*UTF8*$!
{
	archiveVersion = 1;
	classes = {
	};
	objectVersion = 46;
	objects = {

/* Begin PBXBuildFile section */
		678633E51BC6E0F30007465E /* AppDelegate.swift in Sources */ = {isa = PBXBuildFile; fileRef = 678633E41BC6E0F30007465E /* AppDelegate.swift */; };
		678633E71BC6E0F30007465E /* ViewController.swift in Sources */ = {isa = PBXBuildFile; fileRef = 678633E61BC6E0F30007465E /* ViewController.swift */; };
		678633EA1BC6E0F30007465E /* Main.storyboard in Resources */ = {isa = PBXBuildFile; fileRef = 678633E81BC6E0F30007465E /* Main.storyboard */; };
		678633EC1BC6E0F30007465E /* Assets.xcassets in Resources */ = {isa = PBXBuildFile; fileRef = 678633EB1BC6E0F30007465E /* Assets.xcassets */; };
		678633EF1BC6E0F30007465E /* LaunchScreen.storyboard in Resources */ = {isa = PBXBuildFile; fileRef = 678633ED1BC6E0F30007465E /* LaunchScreen.storyboard */; };
/* End PBXBuildFile section */

/* Begin PBXFileReference section */
		678633E11BC6E0F30007465E /* PixelManiac.app */ = {isa = PBXFileReference; explicitFileType = wrapper.application; includeInIndex = 0; path = PixelManiac.app; sourceTree = BUILT_PRODUCTS_DIR; };
		678633E41BC6E0F30007465E /* AppDelegate.swift */ = {isa = PBXFileReference; lastKnownFileType = sourcecode.swift; path = AppDelegate.swift; sourceTree = "<group>"; };
		678633E61BC6E0F30007465E /* ViewController.swift */ = {isa = PBXFileReference; lastKnownFileType = sourcecode.swift; path = ViewController.swift; sourceTree = "<group>"; };
		678633E91BC6E0F30007465E /* Base */ = {isa = PBXFileReference; lastKnownFileType = file.storyboard; name = Base; path = Base.lproj/Main.storyboard; sourceTree = "<group>"; };
		678633EB1BC6E0F30007465E /* Assets.xcassets */ = {isa = PBXFileReference; lastKnownFileType = folder.assetcatalog; path = Assets.xcassets; sourceTree = "<group>"; };
		678633EE1BC6E0F30007465E /* Base */ = {isa = PBXFileReference; lastKnownFileType = file.storyboard; name = Base; path = Base.lproj/LaunchScreen.storyboard; sourceTree = "<group>"; };
		678633F01BC6E0F30007465E /* Info.plist */ = {isa = PBXFileReference; lastKnownFileType = text.plist.xml; path = Info.plist; sourceTree = "<group>"; };
/* End PBXFileReference section */

/* Begin PBXFrameworksBuildPhase section */
		678633DE1BC6E0F30007465E /* Frameworks */ = {
			isa = PBXFrameworksBuildPhase;
			buildActionMask = 2147483647;
			files = (
			);
			runOnlyForDeploymentPostprocessing = 0;
		};
/* End PBXFrameworksBuildPhase section */

/* Begin PBXGroup section */
		678633D81BC6E0F30007465E = {
			isa = PBXGroup;
			children = (
				678633E31BC6E0F30007465E /* PixelManiac */,
				678633E21BC6E0F30007465E /* Products */,
			);
			sourceTree = "<group>";
		};
		678633E21BC6E0F30007465E /* Products */ = {
			isa = PBXGroup;
			children = (
				678633E11BC6E0F30007465E /* PixelManiac.app */,
			);
			name = Products;
			sourceTree = "<group>";
		};
		678633E31BC6E0F30007465E /* PixelManiac */ = {
			isa = PBXGroup;
			children = (
				678633E41BC6E0F30007465E /* AppDelegate.swift */,
				678633E61BC6E0F30007465E /* ViewController.swift */,
				678633E81BC6E0F30007465E /* Main.storyboard */,
				678633EB1BC6E0F30007465E /* Assets.xcassets */,
				678633ED1BC6E0F30007465E /* LaunchScreen.storyboard */,
				678633F01BC6E0F30007465E /* Info.plist */,
			);
			path = PixelManiac;
			sourceTree = "<group>";
		};
/* End PBXGroup section */

/* Begin PBXNativeTarget section */
		678633E01BC6E0F30007465E /* PixelManiac */ = {
			isa = PBXNativeTarget;
			buildConfigurationList = 678633F31BC6E0F30007465E /* Build configuration list for PBXNativeTarget "PixelManiac" */;
			buildPhases = (
				678633DD1BC6E0F30007465E /* Sources */,
				678633DE1BC6E0F30007465E /* Frameworks */,
				678633DF1BC6E0F30007465E /* Resources */,
			);
			buildRules = (
			);
			dependencies = (
			);
			name = PixelManiac;
			productName = PixelManiac;
			productReference = 678633E11BC6E0F30007465E /* PixelManiac.app */;
			productType = "com.apple.product-type.application";
		};
/* End PBXNativeTarget section */

/* Begin PBXProject section */
		678633D91BC6E0F30007465E /* Project object */ = {
			isa = PBXProject;
			attributes = {
				LastUpgradeCheck = 0700;
				ORGANIZATIONNAME = "Pablo Paciello";
				TargetAttributes = {
					678633E01BC6E0F30007465E = {
						CreatedOnToolsVersion = 7.0.1;
					};
				};
			};
			buildConfigurationList = 678633DC1BC6E0F30007465E /* Build configuration list for PBXProject "PixelManiac" */;
			compatibilityVersion = "Xcode 3.2";
			developmentRegion = English;
			hasScannedForEncodings = 0;
			knownRegions = (
				en,
				Base,
			);
			mainGroup = 678633D81BC6E0F30007465E;
			productRefGroup = 678633E21BC6E0F30007465E /* Products */;
			projectDirPath = "";
			projectRoot = "";
			targets = (
				678633E01BC6E0F30007465E /* PixelManiac */,
			);
		};
/* End PBXProject section */

/* Begin PBXResourcesBuildPhase section */
		678633DF1BC6E0F30007465E /* Resources */ = {
			isa = PBXResourcesBuildPhase;
			buildActionMask = 2147483647;
			files = (
				678633EF1BC6E0F30007465E /* LaunchScreen.storyboard in Resources */,
				678633EC1BC6E0F30007465E /* Assets.xcassets in Resources */,
				678633EA1BC6E0F30007465E /* Main.storyboard in Resources */,
			);
			runOnlyForDeploymentPostprocessing = 0;
		};
/* End PBXResourcesBuildPhase section */

/* Begin PBXSourcesBuildPhase section */
		678633DD1BC6E0F30007465E /* Sources */ = {
			isa = PBXSourcesBuildPhase;
			buildActionMask = 2147483647;
			files = (
				678633E71BC6E0F30007465E /* ViewController.swift in Sources */,
				678633E51BC6E0F30007465E /* AppDelegate.swift in Sources */,
			);
			runOnlyForDeploymentPostprocessing = 0;
		};
/* End PBXSourcesBuildPhase section */

/* Begin PBXVariantGroup section */
		678633E81BC6E0F30007465E /* Main.storyboard */ = {
			isa = PBXVariantGroup;
			children = (
				678633E91BC6E0F30007465E /* Base */,
			);
			name = Main.storyboard;
			sourceTree = "<group>";
		};
		678633ED1BC6E0F30007465E /* LaunchScreen.storyboard */ = {
			isa = PBXVariantGroup;
			children = (
				678633EE1BC6E0F30007465E /* Base */,
			);
			name = LaunchScreen.storyboard;
			sourceTree = "<group>";
		};
/* End PBXVariantGroup section */

/* Begin XCBuildConfiguration section */
		678633F11BC6E0F30007465E /* Debug */ = {
			isa = XCBuildConfiguration;
			buildSettings = {
				ALWAYS_SEARCH_USER_PATHS = NO;
				CLANG_CXX_LANGUAGE_STANDARD = "gnu++0x";
				CLANG_CXX_LIBRARY = "libc++";
				CLANG_ENABLE_MODULES = YES;
				CLANG_ENABLE_OBJC_ARC = YES;
				CLANG_WARN_BOOL_CONVERSION = YES;
				CLANG_WARN_CONSTANT_CONVERSION = YES;
				CLANG_WARN_DIRECT_OBJC_ISA_USAGE = YES_ERROR;
				CLANG_WARN_EMPTY_BODY = YES;
				CLANG_WARN_ENUM_CONVERSION = YES;
				CLANG_WARN_INT_CONVERSION = YES;
				CLANG_WARN_OBJC_ROOT_CLASS = YES_ERROR;
				CLANG_WARN_UNREACHABLE_CODE = YES;
				CLANG_WARN__DUPLICATE_METHOD_MATCH = YES;
				"CODE_SIGN_IDENTITY[sdk=iphoneos*]" = "iPhone Developer";
				COPY_PHASE_STRIP = NO;
				DEBUG_INFORMATION_FORMAT = dwarf;
				ENABLE_STRICT_OBJC_MSGSEND = YES;
				ENABLE_TESTABILITY = YES;
				GCC_C_LANGUAGE_STANDARD = gnu99;
				GCC_DYNAMIC_NO_PIC = NO;
				GCC_NO_COMMON_BLOCKS = YES;
				GCC_OPTIMIZATION_LEVEL = 0;
				GCC_PREPROCESSOR_DEFINITIONS = (
					"DEBUG=1",
					"$(inherited)",
				);
				GCC_WARN_64_TO_32_BIT_CONVERSION = YES;
				GCC_WARN_ABOUT_RETURN_TYPE = YES_ERROR;
				GCC_WARN_UNDECLARED_SELECTOR = YES;
				GCC_WARN_UNINITIALIZED_AUTOS = YES_AGGRESSIVE;
				GCC_WARN_UNUSED_FUNCTION = YES;
				GCC_WARN_UNUSED_VARIABLE = YES;
				IPHONEOS_DEPLOYMENT_TARGET = 9.0;
				MTL_ENABLE_DEBUG_INFO = YES;
				ONLY_ACTIVE_ARCH = YES;
				SDKROOT = iphoneos;
				SWIFT_OPTIMIZATION_LEVEL = "-Onone";
			};
			name = Debug;
		};
		678633F21BC6E0F30007465E /* Release */ = {
			isa = XCBuildConfiguration;
			buildSettings = {
				ALWAYS_SEARCH_USER_PATHS = NO;
				CLANG_CXX_LANGUAGE_STANDARD = "gnu++0x";
				CLANG_CXX_LIBRARY = "libc++";
				CLANG_ENABLE_MODULES = YES;
				CLANG_ENABLE_OBJC_ARC = YES;
				CLANG_WARN_BOOL_CONVERSION = YES;
				CLANG_WARN_CONSTANT_CONVERSION = YES;
				CLANG_WARN_DIRECT_OBJC_ISA_USAGE = YES_ERROR;
				CLANG_WARN_EMPTY_BODY = YES;
				CLANG_WARN_ENUM_CONVERSION = YES;
				CLANG_WARN_INT_CONVERSION = YES;
				CLANG_WARN_OBJC_ROOT_CLASS = YES_ERROR;
				CLANG_WARN_UNREACHABLE_CODE = YES;
				CLANG_WARN__DUPLICATE_METHOD_MATCH = YES;
				"CODE_SIGN_IDENTITY[sdk=iphoneos*]" = "iPhone Developer";
				COPY_PHASE_STRIP = NO;
				DEBUG_INFORMATION_FORMAT = "dwarf-with-dsym";
				ENABLE_NS_ASSERTIONS = NO;
				ENABLE_STRICT_OBJC_MSGSEND = YES;
				GCC_C_LANGUAGE_STANDARD = gnu99;
				GCC_NO_COMMON_BLOCKS = YES;
				GCC_WARN_64_TO_32_BIT_CONVERSION = YES;
				GCC_WARN_ABOUT_RETURN_TYPE = YES_ERROR;
				GCC_WARN_UNDECLARED_SELECTOR = YES;
				GCC_WARN_UNINITIALIZED_AUTOS = YES_AGGRESSIVE;
				GCC_WARN_UNUSED_FUNCTION = YES;
				GCC_WARN_UNUSED_VARIABLE = YES;
				IPHONEOS_DEPLOYMENT_TARGET = 9.0;
				MTL_ENABLE_DEBUG_INFO = NO;
				SDKROOT = iphoneos;
				VALIDATE_PRODUCT = YES;
			};
			name = Release;
		};
		678633F41BC6E0F30007465E /* Debug */ = {
			isa = XCBuildConfiguration;
			buildSettings = {
				ASSETCATALOG_COMPILER_APPICON_NAME = AppIcon;
				INFOPLIST_FILE = PixelManiac/Info.plist;
				LD_RUNPATH_SEARCH_PATHS = "$(inherited) @executable_path/Frameworks";
				PRODUCT_BUNDLE_IDENTIFIER = com.ppacie.PixelManiac;
				PRODUCT_NAME = "$(TARGET_NAME)";
			};
			name = Debug;
		};
		678633F51BC6E0F30007465E /* Release */ = {
			isa = XCBuildConfiguration;
			buildSettings = {
				ASSETCATALOG_COMPILER_APPICON_NAME = AppIcon;
				INFOPLIST_FILE = PixelManiac/Info.plist;
				LD_RUNPATH_SEARCH_PATHS = "$(inherited) @executable_path/Frameworks";
				PRODUCT_BUNDLE_IDENTIFIER = com.ppacie.PixelManiac;
				PRODUCT_NAME = "$(TARGET_NAME)";
			};
			name = Release;
		};
/* End XCBuildConfiguration section */

/* Begin XCConfigurationList section */
		678633DC1BC6E0F30007465E /* Build configuration list for PBXProject "PixelManiac" */ = {
			isa = XCConfigurationList;
			buildConfigurations = (
				678633F11BC6E0F30007465E /* Debug */,
				678633F21BC6E0F30007465E /* Release */,
			);
			defaultConfigurationIsVisible = 0;
			defaultConfigurationName = Release;
		};
		678633F31BC6E0F30007465E /* Build configuration list for PBXNativeTarget "PixelManiac" */ = {
			isa = XCConfigurationList;
			buildConfigurations = (
				678633F41BC6E0F30007465E /* Debug */,
				678633F51BC6E0F30007465E /* Release */,
			);
			defaultConfigurationIsVisible = 0;
		};
/* End XCConfigurationList section */
	};
	rootObject = 678633D91BC6E0F30007465E /* Project object */;
}
